
Microsoft Visual Studio Solution File, Format Version 12.00
# Visual Studio 15
VisualStudioVersion = 15.0.28010.2019
MinimumVisualStudioVersion = 10.0.40219.1
Project("{FAE04EC0-301F-11D3-BF4B-00C04F79EFBC}") = "Slots", "Slots\Slots.csproj", "{3469E0E7-B2F7-48D2-A560-1A97A82BFC38}"
EndProject
Project("{FAE04EC0-301F-11D3-BF4B-00C04F79EFBC}") = "XUnitTestSlots", "XUnitTestSlots\XUnitTestSlots.csproj", "{8F833E3A-E015-4968-98CB-1A8915DD6343}"
EndProject
Global
	GlobalSection(SolutionConfigurationPlatforms) = preSolution
		Debug|Any CPU = Debug|Any CPU
		Release|Any CPU = Release|Any CPU
	EndGlobalSection
	GlobalSection(ProjectConfigurationPlatforms) = postSolution
		{3469E0E7-B2F7-48D2-A560-1A97A82BFC38}.Debug|Any CPU.ActiveCfg = Debug|Any CPU
		{3469E0E7-B2F7-48D2-A560-1A97A82BFC38}.Debug|Any CPU.Build.0 = Debug|Any CPU
		{3469E0E7-B2F7-48D2-A560-1A97A82BFC38}.Release|Any CPU.ActiveCfg = Release|Any CPU
		{3469E0E7-B2F7-48D2-A560-1A97A82BFC38}.Release|Any CPU.Build.0 = Release|Any CPU
		{8F833E3A-E015-4968-98CB-1A8915DD6343}.Debug|Any CPU.ActiveCfg = Debug|Any CPU
		{8F833E3A-E015-4968-98CB-1A8915DD6343}.Debug|Any CPU.Build.0 = Debug|Any CPU
		{8F833E3A-E015-4968-98CB-1A8915DD6343}.Release|Any CPU.ActiveCfg = Release|Any CPU
		{8F833E3A-E015-4968-98CB-1A8915DD6343}.Release|Any CPU.Build.0 = Release|Any CPU
	EndGlobalSection
	GlobalSection(SolutionProperties) = preSolution
		HideSolutionNode = FALSE
	EndGlobalSection
	GlobalSection(ExtensibilityGlobals) = postSolution
		SolutionGuid = {34550B8D-47F9-4F60-A776-41BD052A8AF7}
	EndGlobalSection
EndGlobal
